
Microsoft Visual Studio Solution File, Format Version 12.00
# Visual Studio Version 16
VisualStudioVersion = 16.0.30804.86
MinimumVisualStudioVersion = 10.0.40219.1
Project("{9A19103F-16F7-4668-BE54-9A1E7A4F7556}") = "APILivro", "teste\APILivro.csproj", "{D9A4D2E3-F8B7-4270-BDDF-EDA96CD66DD4}"
EndProject
Project("{FAE04EC0-301F-11D3-BF4B-00C04F79EFBC}") = "APILivroTeste", "APILivroTeste\APILivroTeste.csproj", "{96F7619B-E8D2-4D31-B485-A364A83C74BB}"
EndProject
Global
	GlobalSection(SolutionConfigurationPlatforms) = preSolution
		Debug|Any CPU = Debug|Any CPU
		Release|Any CPU = Release|Any CPU
	EndGlobalSection
	GlobalSection(ProjectConfigurationPlatforms) = postSolution
		{D9A4D2E3-F8B7-4270-BDDF-EDA96CD66DD4}.Debug|Any CPU.ActiveCfg = Debug|Any CPU
		{D9A4D2E3-F8B7-4270-BDDF-EDA96CD66DD4}.Debug|Any CPU.Build.0 = Debug|Any CPU
		{D9A4D2E3-F8B7-4270-BDDF-EDA96CD66DD4}.Release|Any CPU.ActiveCfg = Release|Any CPU
		{D9A4D2E3-F8B7-4270-BDDF-EDA96CD66DD4}.Release|Any CPU.Build.0 = Release|Any CPU
		{96F7619B-E8D2-4D31-B485-A364A83C74BB}.Debug|Any CPU.ActiveCfg = Debug|Any CPU
		{96F7619B-E8D2-4D31-B485-A364A83C74BB}.Debug|Any CPU.Build.0 = Debug|Any CPU
		{96F7619B-E8D2-4D31-B485-A364A83C74BB}.Release|Any CPU.ActiveCfg = Release|Any CPU
		{96F7619B-E8D2-4D31-B485-A364A83C74BB}.Release|Any CPU.Build.0 = Release|Any CPU
	EndGlobalSection
	GlobalSection(SolutionProperties) = preSolution
		HideSolutionNode = FALSE
	EndGlobalSection
	GlobalSection(ExtensibilityGlobals) = postSolution
		SolutionGuid = {3004AD7A-4BA9-470B-B567-17A6804C80A2}
	EndGlobalSection
EndGlobal
